<?xml version="1.0" encoding="utf-8"?>
<Project ToolsVersion="4.0" xmlns="http://schemas.microsoft.com/developer/msbuild/2003">
  <ItemGroup>
    <Filter Include="소스 파일">
      <UniqueIdentifier>{4FC737F1-C7A5-4376-A066-2A32D752A2FF}</UniqueIdentifier>
      <Extensions>cpp;c;cc;cxx;c++;cppm;ixx;def;odl;idl;hpj;bat;asm;asmx</Extensions>
    </Filter>
    <Filter Include="헤더 파일">
      <UniqueIdentifier>{93995380-89BD-4b04-88EB-625FBE52EBFB}</UniqueIdentifier>
      <Extensions>h;hh;hpp;hxx;h++;hm;inl;inc;ipp;xsd</Extensions>
    </Filter>
    <Filter Include="리소스 파일">
      <UniqueIdentifier>{67DA6AB6-F800-4c08-8B7A-83BB121AAD01}</UniqueIdentifier>
      <Extensions>rc;ico;cur;bmp;dlg;rc2;rct;bin;rgs;gif;jpg;jpeg;jpe;resx;tiff;tif;png;wav;mfcribbon-ms</Extensions>
    </Filter>
    <Filter Include="Control">
      <UniqueIdentifier>{93084b69-8ca8-46d2-aa98-12818f541f60}</UniqueIdentifier>
    </Filter>
    <Filter Include="Melsec">
      <UniqueIdentifier>{5f8b1317-840d-4a82-8099-8f8eb16dd2c0}</UniqueIdentifier>
    </Filter>
    <Filter Include="Melsec\x64">
      <UniqueIdentifier>{da1cbc4f-b50c-4e3f-bc82-2f67910d47d2}</UniqueIdentifier>
    </Filter>
    <Filter Include="SetValue">
      <UniqueIdentifier>{62e3d731-297a-4562-93b2-e141e3822208}</UniqueIdentifier>
    </Filter>
    <Filter Include="Dalsa">
      <UniqueIdentifier>{020ca9ab-17f5-4f3e-aa77-b9498fc332ec}</UniqueIdentifier>
    </Filter>
    <Filter Include="AXL">
      <UniqueIdentifier>{ce28d949-2061-4d81-a255-e47210374651}</UniqueIdentifier>
    </Filter>
    <Filter Include="Contec">
      <UniqueIdentifier>{b7c8ce46-f834-4496-aa8f-9f7c67b8c7dc}</UniqueIdentifier>
    </Filter>
    <Filter Include="Contec\x64">
      <UniqueIdentifier>{3477742b-9c83-487b-872d-228396528b2d}</UniqueIdentifier>
    </Filter>
    <Filter Include="Contec\Win32">
      <UniqueIdentifier>{8a4587e4-4175-4c61-8682-6473294312f0}</UniqueIdentifier>
    </Filter>
    <Filter Include="ImgProcDll">
      <UniqueIdentifier>{2c01b2c0-3874-40db-abf8-c9602b23cb12}</UniqueIdentifier>
    </Filter>
    <Filter Include="LGIS">
      <UniqueIdentifier>{65a8ed92-955f-4633-b7f7-71ccad045486}</UniqueIdentifier>
    </Filter>
    <Filter Include="LGIS\lib">
      <UniqueIdentifier>{ed43ca4f-2e6e-4e7c-9b8b-38f423752ec4}</UniqueIdentifier>
    </Filter>
  </ItemGroup>
  <ItemGroup>
    <ClInclude Include="NotchingGradeInsp.h">
      <Filter>헤더 파일</Filter>
    </ClInclude>
    <ClInclude Include="framework.h">
      <Filter>헤더 파일</Filter>
    </ClInclude>
    <ClInclude Include="targetver.h">
      <Filter>헤더 파일</Filter>
    </ClInclude>
    <ClInclude Include="MainFrm.h">
      <Filter>헤더 파일</Filter>
    </ClInclude>
    <ClInclude Include="NotchingGradeInspDoc.h">
      <Filter>헤더 파일</Filter>
    </ClInclude>
    <ClInclude Include="NotchingGradeInspView.h">
      <Filter>헤더 파일</Filter>
    </ClInclude>
    <ClInclude Include="Resource.h">
      <Filter>헤더 파일</Filter>
    </ClInclude>
    <ClInclude Include="ViewTree.h">
      <Filter>헤더 파일</Filter>
    </ClInclude>
    <ClInclude Include="pch.h">
      <Filter>헤더 파일</Filter>
    </ClInclude>
    <ClInclude Include="TopPanel.h">
      <Filter>헤더 파일</Filter>
    </ClInclude>
    <ClInclude Include="ModeDlg.h">
      <Filter>헤더 파일</Filter>
    </ClInclude>
    <ClInclude Include="RightPanel.h">
      <Filter>헤더 파일</Filter>
    </ClInclude>
    <ClInclude Include="LeftPanel.h">
      <Filter>헤더 파일</Filter>
    </ClInclude>
    <ClInclude Include="BottomPanel.h">
      <Filter>헤더 파일</Filter>
    </ClInclude>
    <ClInclude Include="InspDlg.h">
      <Filter>헤더 파일</Filter>
    </ClInclude>
    <ClInclude Include="ResultView.h">
      <Filter>헤더 파일</Filter>
    </ClInclude>
    <ClInclude Include="Control\ColorControl.h">
      <Filter>Control</Filter>
    </ClInclude>
    <ClInclude Include="Control\GridCell.h">
      <Filter>Control</Filter>
    </ClInclude>
    <ClInclude Include="Control\GridCellBase.h">
      <Filter>Control</Filter>
    </ClInclude>
    <ClInclude Include="Control\GridCellCheck.h">
      <Filter>Control</Filter>
    </ClInclude>
    <ClInclude Include="Control\GridCellClick.h">
      <Filter>Control</Filter>
    </ClInclude>
    <ClInclude Include="Control\GridCellCombo.h">
      <Filter>Control</Filter>
    </ClInclude>
    <ClInclude Include="Control\GridCellRange.h">
      <Filter>Control</Filter>
    </ClInclude>
    <ClInclude Include="Control\GridCellSpinCtrl.h">
      <Filter>Control</Filter>
    </ClInclude>
    <ClInclude Include="Control\GridCtrl.h">
      <Filter>Control</Filter>
    </ClInclude>
    <ClInclude Include="Control\GridDropTarget.h">
      <Filter>Control</Filter>
    </ClInclude>
    <ClInclude Include="Control\GridInPlaceEdit.h">
      <Filter>Control</Filter>
    </ClInclude>
    <ClInclude Include="Control\GridMemoryDC.hpp">
      <Filter>Control</Filter>
    </ClInclude>
    <ClInclude Include="Control\GridTitleTip.h">
      <Filter>Control</Filter>
    </ClInclude>
    <ClInclude Include="HistoryDlg.h">
      <Filter>헤더 파일</Filter>
    </ClInclude>
    <ClInclude Include="GlobalDef.h">
      <Filter>헤더 파일</Filter>
    </ClInclude>
    <ClInclude Include="CondDlg.h">
      <Filter>헤더 파일</Filter>
    </ClInclude>
    <ClInclude Include="BitmapStd.h">
      <Filter>헤더 파일</Filter>
    </ClInclude>
    <ClInclude Include="CImageDispDlg.h">
      <Filter>헤더 파일</Filter>
    </ClInclude>
    <ClInclude Include="ImgClipedBmp.h">
      <Filter>헤더 파일</Filter>
    </ClInclude>
    <ClInclude Include="CImageProcess.h">
      <Filter>헤더 파일</Filter>
    </ClInclude>
    <ClInclude Include="GrabberCtrl.h">
      <Filter>헤더 파일</Filter>
    </ClInclude>
    <ClInclude Include="GrabDalsaCameraLink.h">
      <Filter>헤더 파일</Filter>
    </ClInclude>
    <ClInclude Include="ImageProcessCtrl.h">
      <Filter>헤더 파일</Filter>
    </ClInclude>
    <ClInclude Include="ImageProcThread.h">
      <Filter>헤더 파일</Filter>
    </ClInclude>
    <ClInclude Include="QueueCtrl.h">
      <Filter>헤더 파일</Filter>
    </ClInclude>
    <ClInclude Include="FrameInfo.h">
      <Filter>헤더 파일</Filter>
    </ClInclude>
    <ClInclude Include="FrameRsltInfo.h">
      <Filter>헤더 파일</Filter>
    </ClInclude>
    <ClInclude Include="TimeAnalyzer.h">
      <Filter>헤더 파일</Filter>
    </ClInclude>
    <ClInclude Include="Win32File.h">
      <Filter>헤더 파일</Filter>
    </ClInclude>
    <ClInclude Include="WinTool.h">
      <Filter>헤더 파일</Filter>
    </ClInclude>
    <ClInclude Include="GlobalData.h">
      <Filter>헤더 파일</Filter>
    </ClInclude>
    <ClInclude Include="CResultThread.h">
      <Filter>헤더 파일</Filter>
    </ClInclude>
    <ClInclude Include="InspInfoDlg.h">
      <Filter>헤더 파일</Filter>
    </ClInclude>
    <ClInclude Include="ResultViewDlg.h">
      <Filter>헤더 파일</Filter>
    </ClInclude>
    <ClInclude Include="CDefectDataCtrl.h">
      <Filter>헤더 파일</Filter>
    </ClInclude>
    <ClInclude Include="CDefectInfo.h">
      <Filter>헤더 파일</Filter>
    </ClInclude>
    <ClInclude Include="CTabRsltInfo.h">
      <Filter>헤더 파일</Filter>
    </ClInclude>
    <ClInclude Include="CImageProcSimDlg.h">
      <Filter>헤더 파일</Filter>
    </ClInclude>
    <ClInclude Include="GraphDlg.h">
      <Filter>헤더 파일</Filter>
    </ClInclude>
    <ClInclude Include="PioCtrl.h">
      <Filter>헤더 파일</Filter>
    </ClInclude>
    <ClInclude Include="SigProc.h">
      <Filter>헤더 파일</Filter>
    </ClInclude>
    <ClInclude Include="Melsec\MelsecDataLink.h">
      <Filter>헤더 파일</Filter>
    </ClInclude>
    <ClInclude Include="CRecipeSettingDlg.h">
      <Filter>헤더 파일</Filter>
    </ClInclude>
    <ClInclude Include="Control\GraphCtrl.h">
      <Filter>헤더 파일</Filter>
    </ClInclude>
    <ClInclude Include="CRecipeCtrl.h">
      <Filter>헤더 파일</Filter>
    </ClInclude>
    <ClInclude Include="SetValue\SetValue.h">
      <Filter>SetValue</Filter>
    </ClInclude>
    <ClInclude Include="SetValue\SetValueDlg.h">
      <Filter>SetValue</Filter>
    </ClInclude>
    <ClInclude Include="SetValue\SetValueEdit.h">
      <Filter>SetValue</Filter>
    </ClInclude>
    <ClInclude Include="SetValue\SetValueFunc.h">
      <Filter>SetValue</Filter>
    </ClInclude>
    <ClInclude Include="SetValue\SetValueRes.h">
      <Filter>SetValue</Filter>
    </ClInclude>
    <ClInclude Include="SystemSettingDlg.h">
      <Filter>헤더 파일</Filter>
    </ClInclude>
    <ClInclude Include="DIOTestDlg.h">
      <Filter>헤더 파일</Filter>
    </ClInclude>
    <ClInclude Include="AXL\AXA.h">
      <Filter>AXL</Filter>
    </ClInclude>
    <ClInclude Include="AXL\AXC.h">
      <Filter>AXL</Filter>
    </ClInclude>
    <ClInclude Include="AXL\AXD.h">
      <Filter>AXL</Filter>
    </ClInclude>
    <ClInclude Include="AXL\AXDev.h">
      <Filter>AXL</Filter>
    </ClInclude>
    <ClInclude Include="AXL\AXHD.h">
      <Filter>AXL</Filter>
    </ClInclude>
    <ClInclude Include="AXL\AXHS.h">
      <Filter>AXL</Filter>
    </ClInclude>
    <ClInclude Include="AXL\AXL.h">
      <Filter>AXL</Filter>
    </ClInclude>
    <ClInclude Include="AXL\AXM.h">
      <Filter>AXL</Filter>
    </ClInclude>
    <ClInclude Include="StdIoCtrl.h">
      <Filter>헤더 파일</Filter>
    </ClInclude>
    <ClInclude Include="StdIoCCLink.h">
      <Filter>헤더 파일</Filter>
    </ClInclude>
    <ClInclude Include="StdIoApi.h">
      <Filter>헤더 파일</Filter>
    </ClInclude>
    <ClInclude Include="Contec\Caio.h">
      <Filter>Contec</Filter>
    </ClInclude>
    <ClInclude Include="Contec\CCnt.h">
      <Filter>Contec</Filter>
    </ClInclude>
    <ClInclude Include="Contec\CDio.h">
      <Filter>Contec</Filter>
    </ClInclude>
    <ClInclude Include="StdIoAXL.h">
      <Filter>헤더 파일</Filter>
    </ClInclude>
    <ClInclude Include="AppDIO.h">
      <Filter>헤더 파일</Filter>
    </ClInclude>
    <ClInclude Include="LightSocket.h">
      <Filter>헤더 파일</Filter>
    </ClInclude>
    <ClInclude Include="CLightControl.h">
      <Filter>헤더 파일</Filter>
    </ClInclude>
    <ClInclude Include="Ping.h">
      <Filter>헤더 파일</Filter>
    </ClInclude>
    <ClInclude Include="CLightManualCtrlDlg.h">
      <Filter>헤더 파일</Filter>
    </ClInclude>
    <ClInclude Include="CCameraSettingDlg.h">
      <Filter>헤더 파일</Filter>
    </ClInclude>
    <ClInclude Include="CCameraViewDlg.h">
      <Filter>헤더 파일</Filter>
    </ClInclude>
    <ClInclude Include="CCounterThread.h">
      <Filter>헤더 파일</Filter>
    </ClInclude>
    <ClInclude Include="CCounterQueueCtrl.h">
      <Filter>헤더 파일</Filter>
    </ClInclude>
    <ClInclude Include="CHistogramDlg.h">
      <Filter>헤더 파일</Filter>
    </ClInclude>
    <ClInclude Include="CCameraWaveDlg.h">
      <Filter>헤더 파일</Filter>
    </ClInclude>
    <ClInclude Include="CAlarmProcess.h">
      <Filter>헤더 파일</Filter>
    </ClInclude>
    <ClInclude Include="CDebugImageAcqDlg.h">
      <Filter>헤더 파일</Filter>
    </ClInclude>
    <ClInclude Include="CJudgeResultCtrl.h">
      <Filter>헤더 파일</Filter>
    </ClInclude>
    <ClInclude Include="CMathFunc.h">
      <Filter>헤더 파일</Filter>
    </ClInclude>
    <ClInclude Include="CImageProcThreadUnit.h">
      <Filter>헤더 파일</Filter>
    </ClInclude>
    <ClInclude Include="CThreadQueueCtrl.h">
      <Filter>헤더 파일</Filter>
    </ClInclude>
    <ClInclude Include="SystemSetting.h">
      <Filter>헤더 파일</Filter>
    </ClInclude>
    <ClInclude Include="CRecipeTableCtrl.h">
      <Filter>헤더 파일</Filter>
    </ClInclude>
    <ClInclude Include="CRecipeSelectDlg.h">
      <Filter>헤더 파일</Filter>
    </ClInclude>
    <ClInclude Include="CDebugSetDlg.h">
      <Filter>헤더 파일</Filter>
    </ClInclude>
    <ClInclude Include="CDebugSet.h">
      <Filter>헤더 파일</Filter>
    </ClInclude>
    <ClInclude Include="CStartDlg.h">
      <Filter>헤더 파일</Filter>
    </ClInclude>
    <ClInclude Include="Control\CalendarCell.h">
      <Filter>Control</Filter>
    </ClInclude>
    <ClInclude Include="Control\CalendarCellItem.h">
      <Filter>Control</Filter>
    </ClInclude>
    <ClInclude Include="Control\CalenderCtrl.h">
      <Filter>Control</Filter>
    </ClInclude>
    <ClInclude Include="Control\ThumbnailCtrl.h">
      <Filter>Control</Filter>
    </ClInclude>
    <ClInclude Include="CDeleteSettingDlg.h">
      <Filter>헤더 파일</Filter>
    </ClInclude>
    <ClInclude Include="CResultFileManager.h">
      <Filter>헤더 파일</Filter>
    </ClInclude>
    <ClInclude Include="CDeleteSetting.h">
      <Filter>헤더 파일</Filter>
    </ClInclude>
    <ClInclude Include="CExcelResultFileCtrl.h">
      <Filter>헤더 파일</Filter>
    </ClInclude>
    <ClInclude Include="excel.h">
      <Filter>헤더 파일</Filter>
    </ClInclude>
    <ClInclude Include="KExcel.h">
      <Filter>헤더 파일</Filter>
    </ClInclude>
    <ClInclude Include="ExcelConst.h">
      <Filter>헤더 파일</Filter>
    </ClInclude>
    <ClInclude Include="CAprHash.h">
      <Filter>헤더 파일</Filter>
    </ClInclude>
    <ClInclude Include="CUserChangeDlg.h">
      <Filter>헤더 파일</Filter>
    </ClInclude>
    <ClInclude Include="CImageViewerDlg.h">
      <Filter>헤더 파일</Filter>
    </ClInclude>
    <ClInclude Include="CExcelFileSaveDlg.h">
      <Filter>헤더 파일</Filter>
    </ClInclude>
    <ClInclude Include="CImageSaveThread.h">
      <Filter>헤더 파일</Filter>
    </ClInclude>
    <ClInclude Include="CImageSaveQueueCtrl.h">
      <Filter>헤더 파일</Filter>
    </ClInclude>
    <ClInclude Include="CResultDirectoryDlg.h">
      <Filter>헤더 파일</Filter>
    </ClInclude>
    <ClInclude Include="CJoinImageDlg.h">
      <Filter>헤더 파일</Filter>
    </ClInclude>
    <ClInclude Include="CCropImageViewDlg.h">
      <Filter>헤더 파일</Filter>
    </ClInclude>
    <ClInclude Include="CCropImageView.h">
      <Filter>헤더 파일</Filter>
    </ClInclude>
    <ClInclude Include="CCropImgQueueCtrl.h">
      <Filter>헤더 파일</Filter>
    </ClInclude>
    <ClInclude Include="CDebugLotCtrlDlg.h">
      <Filter>헤더 파일</Filter>
    </ClInclude>
    <ClInclude Include="CHistoryLotDlg.h">
      <Filter>헤더 파일</Filter>
    </ClInclude>
    <ClInclude Include="CHistoryLotView.h">
      <Filter>헤더 파일</Filter>
    </ClInclude>
    <ClInclude Include="CHistoryLotCtrl.h">
      <Filter>헤더 파일</Filter>
    </ClInclude>
    <ClInclude Include="CDispErrorDlg.h">
      <Filter>헤더 파일</Filter>
    </ClInclude>
    <ClInclude Include="CDeleteResultFileThread.h">
      <Filter>헤더 파일</Filter>
    </ClInclude>
    <ClInclude Include="CIoMonitorDlg.h">
      <Filter>헤더 파일</Filter>
    </ClInclude>
    <ClInclude Include="CSectorNgJudge.h">
      <Filter>헤더 파일</Filter>
    </ClInclude>
    <ClInclude Include="LanguageCode.h">
      <Filter>헤더 파일</Filter>
    </ClInclude>
    <ClInclude Include="CDefectMapDlg.h">
      <Filter>헤더 파일</Filter>
    </ClInclude>
    <ClInclude Include="CTactTImeGraphDlg.h">
      <Filter>헤더 파일</Filter>
    </ClInclude>
    <ClInclude Include="CTacTimeDataCtrl.h">
      <Filter>헤더 파일</Filter>
    </ClInclude>
    <ClInclude Include="CImgDisplayDlg.h">
      <Filter>헤더 파일</Filter>
    </ClInclude>
    <ClInclude Include="ImgProcDll\ImgProcDll.h">
      <Filter>ImgProcDll</Filter>
    </ClInclude>
    <ClInclude Include="LGIS\LGIS_Plc.h">
      <Filter>LGIS</Filter>
    </ClInclude>
    <ClInclude Include="CSiemensPlc.h">
      <Filter>헤더 파일</Filter>
    </ClInclude>
    <ClInclude Include="CInitSystemSetting.h">
      <Filter>헤더 파일</Filter>
    </ClInclude>
    <ClInclude Include="LogDisplayDlg.h">
      <Filter>헤더 파일</Filter>
    </ClInclude>
    <ClInclude Include="RecipImportDlg.h">
      <Filter>헤더 파일</Filter>
    </ClInclude>
    <ClInclude Include="GlobalFunc.h">
      <Filter>헤더 파일</Filter>
    </ClInclude>
    <ClInclude Include="SpcPlus\ISpcIf.h">
      <Filter>헤더 파일</Filter>
    </ClInclude>
    <ClInclude Include="SpcPlus\SpcAlarmInData.h">
      <Filter>헤더 파일</Filter>
    </ClInclude>
    <ClInclude Include="SpcPlus\SpcAlarmManager.h">
      <Filter>헤더 파일</Filter>
    </ClInclude>
    <ClInclude Include="SpcPlus\SpcHeader.h">
      <Filter>헤더 파일</Filter>
    </ClInclude>
    <ClInclude Include="SpcPlus\SpcInDataDefectInfo.h">
      <Filter>헤더 파일</Filter>
    </ClInclude>
    <ClInclude Include="SpcPlus\SpcInDataIqInfo.h">
      <Filter>헤더 파일</Filter>
    </ClInclude>
    <ClInclude Include="SpcPlus\SpcInspInData.h">
      <Filter>헤더 파일</Filter>
    </ClInclude>
    <ClInclude Include="SpcPlus\SpcInspManager.h">
      <Filter>헤더 파일</Filter>
    </ClInclude>
    <ClInclude Include="SpcPlus\SpcParaInfo.h">
      <Filter>헤더 파일</Filter>
    </ClInclude>
    <ClInclude Include="SpcPlus\SpcPlus.h">
      <Filter>헤더 파일</Filter>
    </ClInclude>
    <ClInclude Include="SpcPlus\SpcPlusManager.h">
      <Filter>헤더 파일</Filter>
    </ClInclude>
    <ClInclude Include="SpcPlus\SpcRefDs.h">
      <Filter>헤더 파일</Filter>
    </ClInclude>
    <ClInclude Include="SpcPlus\SpcSpecInfo.h">
      <Filter>헤더 파일</Filter>
    </ClInclude>
    <ClInclude Include="SpcPlus\SpcSpecParaInData.h">
      <Filter>헤더 파일</Filter>
    </ClInclude>
    <ClInclude Include="SpcPlus\SpcSpecParaManager.h">
      <Filter>헤더 파일</Filter>
    </ClInclude>
    <ClInclude Include="SpcPlus\SpcStatusInData.h">
      <Filter>헤더 파일</Filter>
    </ClInclude>
    <ClInclude Include="SpcPlus\SpcStatusManager.h">
      <Filter>헤더 파일</Filter>
    </ClInclude>
    <ClInclude Include="SpcPlus\SpcInData.h">
      <Filter>헤더 파일</Filter>
    </ClInclude>
    <ClInclude Include="SpcPlus\SpcInfo.h">
      <Filter>헤더 파일</Filter>
    </ClInclude>
    <ClInclude Include="SpcPlus\SpcCreateJSONFileThread.h">
      <Filter>헤더 파일</Filter>
    </ClInclude>
    <ClInclude Include="CLightRS232Dlg.h">
      <Filter>헤더 파일</Filter>
    </ClInclude>
    <ClInclude Include="Light232.h">
      <Filter>헤더 파일</Filter>
    </ClInclude>
    <ClInclude Include="PlcBase.h">
      <Filter>헤더 파일</Filter>
    </ClInclude>
    <ClInclude Include="UI\UiManager.h">
      <Filter>헤더 파일</Filter>
    </ClInclude>
    <ClInclude Include="GSurpport\StrSuport.h">
      <Filter>헤더 파일</Filter>
    </ClInclude>
    <ClInclude Include="Socket\TriggerSocket.h">
      <Filter>헤더 파일</Filter>
    </ClInclude>
    <ClInclude Include="CUserLoginDlg.h">
      <Filter>헤더 파일</Filter>
    </ClInclude>
  </ItemGroup>
  <ItemGroup>
    <ClCompile Include="NotchingGradeInsp.cpp">
      <Filter>소스 파일</Filter>
    </ClCompile>
    <ClCompile Include="MainFrm.cpp">
      <Filter>소스 파일</Filter>
    </ClCompile>
    <ClCompile Include="NotchingGradeInspDoc.cpp">
      <Filter>소스 파일</Filter>
    </ClCompile>
    <ClCompile Include="NotchingGradeInspView.cpp">
      <Filter>소스 파일</Filter>
    </ClCompile>
    <ClCompile Include="ViewTree.cpp">
      <Filter>소스 파일</Filter>
    </ClCompile>
    <ClCompile Include="pch.cpp">
      <Filter>소스 파일</Filter>
    </ClCompile>
    <ClCompile Include="TopPanel.cpp">
      <Filter>소스 파일</Filter>
    </ClCompile>
    <ClCompile Include="ModeDlg.cpp">
      <Filter>소스 파일</Filter>
    </ClCompile>
    <ClCompile Include="RightPanel.cpp">
      <Filter>소스 파일</Filter>
    </ClCompile>
    <ClCompile Include="LeftPanel.cpp">
      <Filter>소스 파일</Filter>
    </ClCompile>
    <ClCompile Include="BottomPanel.cpp">
      <Filter>소스 파일</Filter>
    </ClCompile>
    <ClCompile Include="InspDlg.cpp">
      <Filter>소스 파일</Filter>
    </ClCompile>
    <ClCompile Include="ResultView.cpp">
      <Filter>소스 파일</Filter>
    </ClCompile>
    <ClCompile Include="Control\ColorControl.cpp">
      <Filter>Control</Filter>
    </ClCompile>
    <ClCompile Include="Control\GridCell.cpp">
      <Filter>Control</Filter>
    </ClCompile>
    <ClCompile Include="Control\GridCellBase.cpp">
      <Filter>Control</Filter>
    </ClCompile>
    <ClCompile Include="Control\GridCellCheck.cpp">
      <Filter>Control</Filter>
    </ClCompile>
    <ClCompile Include="Control\GridCellClick.cpp">
      <Filter>Control</Filter>
    </ClCompile>
    <ClCompile Include="Control\GridCellCombo.cpp">
      <Filter>Control</Filter>
    </ClCompile>
    <ClCompile Include="Control\GridCellSpinCtrl.cpp">
      <Filter>Control</Filter>
    </ClCompile>
    <ClCompile Include="Control\GridCtrl.cpp">
      <Filter>Control</Filter>
    </ClCompile>
    <ClCompile Include="Control\GridDropTarget.cpp">
      <Filter>Control</Filter>
    </ClCompile>
    <ClCompile Include="Control\GridInPlaceEdit.cpp">
      <Filter>Control</Filter>
    </ClCompile>
    <ClCompile Include="Control\GridTitleTip.cpp">
      <Filter>Control</Filter>
    </ClCompile>
    <ClCompile Include="HistoryDlg.cpp">
      <Filter>소스 파일</Filter>
    </ClCompile>
    <ClCompile Include="CondDlg.cpp">
      <Filter>소스 파일</Filter>
    </ClCompile>
    <ClCompile Include="BitmapStd.cpp">
      <Filter>소스 파일</Filter>
    </ClCompile>
    <ClCompile Include="CImageDispDlg.cpp">
      <Filter>소스 파일</Filter>
    </ClCompile>
    <ClCompile Include="ImgClipedBmp.cpp">
      <Filter>소스 파일</Filter>
    </ClCompile>
    <ClCompile Include="CImageProcess.cpp">
      <Filter>소스 파일</Filter>
    </ClCompile>
    <ClCompile Include="GrabberCtrl.cpp">
      <Filter>소스 파일</Filter>
    </ClCompile>
    <ClCompile Include="GrabDalsaCameraLink.cpp">
      <Filter>소스 파일</Filter>
    </ClCompile>
    <ClCompile Include="ImageProcessCtrl.cpp">
      <Filter>소스 파일</Filter>
    </ClCompile>
    <ClCompile Include="ImageProcThread.cpp">
      <Filter>소스 파일</Filter>
    </ClCompile>
    <ClCompile Include="QueueCtrl.cpp">
      <Filter>소스 파일</Filter>
    </ClCompile>
    <ClCompile Include="FrameInfo.cpp">
      <Filter>소스 파일</Filter>
    </ClCompile>
    <ClCompile Include="FrameRsltInfo.cpp">
      <Filter>소스 파일</Filter>
    </ClCompile>
    <ClCompile Include="TimeAnalyzer.cpp">
      <Filter>소스 파일</Filter>
    </ClCompile>
    <ClCompile Include="Win32File.cpp">
      <Filter>소스 파일</Filter>
    </ClCompile>
    <ClCompile Include="WinTool.cpp">
      <Filter>소스 파일</Filter>
    </ClCompile>
    <ClCompile Include="GlobalData.cpp">
      <Filter>소스 파일</Filter>
    </ClCompile>
    <ClCompile Include="CResultThread.cpp">
      <Filter>소스 파일</Filter>
    </ClCompile>
    <ClCompile Include="InspInfoDlg.cpp">
      <Filter>소스 파일</Filter>
    </ClCompile>
    <ClCompile Include="ResultViewDlg.cpp">
      <Filter>소스 파일</Filter>
    </ClCompile>
    <ClCompile Include="CDefectDataCtrl.cpp">
      <Filter>소스 파일</Filter>
    </ClCompile>
    <ClCompile Include="CDefectInfo.cpp">
      <Filter>소스 파일</Filter>
    </ClCompile>
    <ClCompile Include="CTabRsltInfo.cpp">
      <Filter>소스 파일</Filter>
    </ClCompile>
    <ClCompile Include="CImageProcSimDlg.cpp">
      <Filter>소스 파일</Filter>
    </ClCompile>
    <ClCompile Include="GraphDlg.cpp">
      <Filter>소스 파일</Filter>
    </ClCompile>
    <ClCompile Include="PioCtrl.cpp">
      <Filter>소스 파일</Filter>
    </ClCompile>
    <ClCompile Include="SigProc.cpp">
      <Filter>소스 파일</Filter>
    </ClCompile>
    <ClCompile Include="Melsec\MelsecDataLink.cpp">
      <Filter>소스 파일</Filter>
    </ClCompile>
    <ClCompile Include="CRecipeSettingDlg.cpp">
      <Filter>소스 파일</Filter>
    </ClCompile>
    <ClCompile Include="Control\GraphCtrl.cpp">
      <Filter>소스 파일</Filter>
    </ClCompile>
    <ClCompile Include="CRecipeCtrl.cpp">
      <Filter>소스 파일</Filter>
    </ClCompile>
    <ClCompile Include="SetValue\SetValue.cpp">
      <Filter>SetValue</Filter>
    </ClCompile>
    <ClCompile Include="SetValue\SetValueDlg.cpp">
      <Filter>SetValue</Filter>
    </ClCompile>
    <ClCompile Include="SetValue\SetValueEdit.cpp">
      <Filter>SetValue</Filter>
    </ClCompile>
    <ClCompile Include="SetValue\SetValueFunc.cpp">
      <Filter>SetValue</Filter>
    </ClCompile>
    <ClCompile Include="SystemSettingDlg.cpp">
      <Filter>소스 파일</Filter>
    </ClCompile>
    <ClCompile Include="DIOTestDlg.cpp">
      <Filter>소스 파일</Filter>
    </ClCompile>
    <ClCompile Include="StdIoCtrl.cpp">
      <Filter>소스 파일</Filter>
    </ClCompile>
    <ClCompile Include="StdIoCCLink.cpp">
      <Filter>소스 파일</Filter>
    </ClCompile>
    <ClCompile Include="StdIoApi.cpp">
      <Filter>소스 파일</Filter>
    </ClCompile>
    <ClCompile Include="StdIoAXL.cpp">
      <Filter>소스 파일</Filter>
    </ClCompile>
    <ClCompile Include="AppDIO.cpp">
      <Filter>소스 파일</Filter>
    </ClCompile>
    <ClCompile Include="LightSocket.cpp">
      <Filter>소스 파일</Filter>
    </ClCompile>
    <ClCompile Include="CLightControl.cpp">
      <Filter>소스 파일</Filter>
    </ClCompile>
    <ClCompile Include="Ping.cpp">
      <Filter>소스 파일</Filter>
    </ClCompile>
    <ClCompile Include="CLightManualCtrlDlg.cpp">
      <Filter>소스 파일</Filter>
    </ClCompile>
    <ClCompile Include="CCameraSettingDlg.cpp">
      <Filter>소스 파일</Filter>
    </ClCompile>
    <ClCompile Include="CCameraViewDlg.cpp">
      <Filter>소스 파일</Filter>
    </ClCompile>
    <ClCompile Include="CCounterThread.cpp">
      <Filter>소스 파일</Filter>
    </ClCompile>
    <ClCompile Include="CCounterQueueCtrl.cpp">
      <Filter>소스 파일</Filter>
    </ClCompile>
    <ClCompile Include="CHistogramDlg.cpp">
      <Filter>소스 파일</Filter>
    </ClCompile>
    <ClCompile Include="CCameraWaveDlg.cpp">
      <Filter>소스 파일</Filter>
    </ClCompile>
    <ClCompile Include="CAlarmProcess.cpp">
      <Filter>소스 파일</Filter>
    </ClCompile>
    <ClCompile Include="CDebugImageAcqDlg.cpp">
      <Filter>소스 파일</Filter>
    </ClCompile>
    <ClCompile Include="CJudgeResultCtrl.cpp">
      <Filter>소스 파일</Filter>
    </ClCompile>
    <ClCompile Include="CMathFunc.cpp">
      <Filter>소스 파일</Filter>
    </ClCompile>
    <ClCompile Include="CImageProcThreadUnit.cpp">
      <Filter>소스 파일</Filter>
    </ClCompile>
    <ClCompile Include="CThreadQueueCtrl.cpp">
      <Filter>소스 파일</Filter>
    </ClCompile>
    <ClCompile Include="SystemSetting.cpp">
      <Filter>소스 파일</Filter>
    </ClCompile>
    <ClCompile Include="CRecipeTableCtrl.cpp">
      <Filter>소스 파일</Filter>
    </ClCompile>
    <ClCompile Include="CRecipeSelectDlg.cpp">
      <Filter>소스 파일</Filter>
    </ClCompile>
    <ClCompile Include="CDebugSetDlg.cpp">
      <Filter>소스 파일</Filter>
    </ClCompile>
    <ClCompile Include="CDebugSet.cpp">
      <Filter>소스 파일</Filter>
    </ClCompile>
    <ClCompile Include="CStartDlg.cpp">
      <Filter>소스 파일</Filter>
    </ClCompile>
    <ClCompile Include="Control\CalendarCell.cpp">
      <Filter>Control</Filter>
    </ClCompile>
    <ClCompile Include="Control\CalendarCellItem.cpp">
      <Filter>Control</Filter>
    </ClCompile>
    <ClCompile Include="Control\CalenderCtrl.cpp">
      <Filter>Control</Filter>
    </ClCompile>
    <ClCompile Include="Control\ThumbnailCtrl.cpp">
      <Filter>Control</Filter>
    </ClCompile>
    <ClCompile Include="CDeleteSettingDlg.cpp">
      <Filter>소스 파일</Filter>
    </ClCompile>
    <ClCompile Include="CResultFileManager.cpp">
      <Filter>소스 파일</Filter>
    </ClCompile>
    <ClCompile Include="CDeleteSetting.cpp">
      <Filter>소스 파일</Filter>
    </ClCompile>
    <ClCompile Include="CExcelResultFileCtrl.cpp">
      <Filter>소스 파일</Filter>
    </ClCompile>
    <ClCompile Include="KExcel.cpp">
      <Filter>소스 파일</Filter>
    </ClCompile>
    <ClCompile Include="excel.cpp">
      <Filter>소스 파일</Filter>
    </ClCompile>
    <ClCompile Include="CAprHash.cpp">
      <Filter>소스 파일</Filter>
    </ClCompile>
    <ClCompile Include="CUserChangeDlg.cpp">
      <Filter>소스 파일</Filter>
    </ClCompile>
    <ClCompile Include="CImageViewerDlg.cpp">
      <Filter>소스 파일</Filter>
    </ClCompile>
    <ClCompile Include="CExcelFileSaveDlg.cpp">
      <Filter>소스 파일</Filter>
    </ClCompile>
    <ClCompile Include="CImageSaveThread.cpp">
      <Filter>소스 파일</Filter>
    </ClCompile>
    <ClCompile Include="CImageSaveQueueCtrl.cpp">
      <Filter>소스 파일</Filter>
    </ClCompile>
    <ClCompile Include="CResultDirectoryDlg.cpp">
      <Filter>소스 파일</Filter>
    </ClCompile>
    <ClCompile Include="CJoinImageDlg.cpp">
      <Filter>소스 파일</Filter>
    </ClCompile>
    <ClCompile Include="CCropImageViewDlg.cpp">
      <Filter>소스 파일</Filter>
    </ClCompile>
    <ClCompile Include="CCropImageView.cpp">
      <Filter>소스 파일</Filter>
    </ClCompile>
    <ClCompile Include="CCropImgQueueCtrl.cpp">
      <Filter>소스 파일</Filter>
    </ClCompile>
    <ClCompile Include="CDebugLotCtrlDlg.cpp">
      <Filter>소스 파일</Filter>
    </ClCompile>
    <ClCompile Include="CHistoryLotDlg.cpp">
      <Filter>소스 파일</Filter>
    </ClCompile>
    <ClCompile Include="CHistoryLotView.cpp">
      <Filter>소스 파일</Filter>
    </ClCompile>
    <ClCompile Include="CHistoryLotCtrl.cpp">
      <Filter>소스 파일</Filter>
    </ClCompile>
    <ClCompile Include="CDispErrorDlg.cpp">
      <Filter>소스 파일</Filter>
    </ClCompile>
    <ClCompile Include="CDeleteResultFileThread.cpp">
      <Filter>소스 파일</Filter>
    </ClCompile>
    <ClCompile Include="CIoMonitorDlg.cpp">
      <Filter>소스 파일</Filter>
    </ClCompile>
    <ClCompile Include="CSectorNgJudge.cpp">
      <Filter>소스 파일</Filter>
    </ClCompile>
    <ClCompile Include="LanguageCode.cpp">
      <Filter>소스 파일</Filter>
    </ClCompile>
    <ClCompile Include="CDefectMapDlg.cpp">
      <Filter>소스 파일</Filter>
    </ClCompile>
    <ClCompile Include="CTactTImeGraphDlg.cpp">
      <Filter>소스 파일</Filter>
    </ClCompile>
    <ClCompile Include="CTacTimeDataCtrl.cpp">
      <Filter>소스 파일</Filter>
    </ClCompile>
    <ClCompile Include="CImgDisplayDlg.cpp">
      <Filter>소스 파일</Filter>
    </ClCompile>
    <ClCompile Include="CSiemensPlc.cpp">
      <Filter>소스 파일</Filter>
    </ClCompile>
    <ClCompile Include="CInitSystemSetting.cpp">
      <Filter>소스 파일</Filter>
    </ClCompile>
    <ClCompile Include="LogDisplayDlg.cpp">
      <Filter>소스 파일</Filter>
    </ClCompile>
    <ClCompile Include="RecipImportDlg.cpp">
      <Filter>소스 파일</Filter>
    </ClCompile>
    <ClCompile Include="GlobalFunc.cpp">
      <Filter>소스 파일</Filter>
    </ClCompile>
    <ClCompile Include="SpcPlus\SpcAlarmInData.cpp">
      <Filter>소스 파일</Filter>
    </ClCompile>
    <ClCompile Include="SpcPlus\SpcAlarmManager.cpp">
      <Filter>소스 파일</Filter>
    </ClCompile>
    <ClCompile Include="SpcPlus\SpcHeader.cpp">
      <Filter>소스 파일</Filter>
    </ClCompile>
    <ClCompile Include="SpcPlus\SpcInDataDefectInfo.cpp">
      <Filter>소스 파일</Filter>
    </ClCompile>
    <ClCompile Include="SpcPlus\SpcInDataIqInfo.cpp">
      <Filter>소스 파일</Filter>
    </ClCompile>
    <ClCompile Include="SpcPlus\SpcInspInData.cpp">
      <Filter>소스 파일</Filter>
    </ClCompile>
    <ClCompile Include="SpcPlus\SpcInspManager.cpp">
      <Filter>소스 파일</Filter>
    </ClCompile>
    <ClCompile Include="SpcPlus\SpcParaInfo.cpp">
      <Filter>소스 파일</Filter>
    </ClCompile>
    <ClCompile Include="SpcPlus\SpcPlusManager.cpp">
      <Filter>소스 파일</Filter>
    </ClCompile>
    <ClCompile Include="SpcPlus\SpcRefDs.cpp">
      <Filter>소스 파일</Filter>
    </ClCompile>
    <ClCompile Include="SpcPlus\SpcSpecInfo.cpp">
      <Filter>소스 파일</Filter>
    </ClCompile>
    <ClCompile Include="SpcPlus\SpcSpecParaInData.cpp">
      <Filter>소스 파일</Filter>
    </ClCompile>
    <ClCompile Include="SpcPlus\SpcSpecParaManager.cpp">
      <Filter>소스 파일</Filter>
    </ClCompile>
    <ClCompile Include="SpcPlus\SpcStatusInData.cpp">
      <Filter>소스 파일</Filter>
    </ClCompile>
    <ClCompile Include="SpcPlus\SpcStatusManager.cpp">
      <Filter>소스 파일</Filter>
    </ClCompile>
    <ClCompile Include="SpcPlus\SpcInData.cpp">
      <Filter>소스 파일</Filter>
    </ClCompile>
    <ClCompile Include="SpcPlus\SpcInfo.cpp">
      <Filter>소스 파일</Filter>
    </ClCompile>
    <ClCompile Include="SpcPlus\SpcCreateJSONFileThread.cpp">
      <Filter>소스 파일</Filter>
    </ClCompile>
    <ClCompile Include="CLightRS232Dlg.cpp">
      <Filter>소스 파일</Filter>
    </ClCompile>
    <ClCompile Include="Light232.cpp">
      <Filter>소스 파일</Filter>
    </ClCompile>
    <ClCompile Include="PlcBase.cpp">
      <Filter>소스 파일</Filter>
    </ClCompile>
    <ClCompile Include="UI\UiManager.cpp">
      <Filter>소스 파일</Filter>
    </ClCompile>
    <ClCompile Include="GSurpport\StrSuport.cpp">
      <Filter>소스 파일</Filter>
    </ClCompile>
    <ClCompile Include="Socket\TriggerSocket.cpp">
      <Filter>소스 파일</Filter>
    </ClCompile>
    <ClCompile Include="CUserLoginDlg.cpp">
      <Filter>소스 파일</Filter>
    </ClCompile>
  </ItemGroup>
  <ItemGroup>
    <ResourceCompile Include="NotchingGradeInsp.rc">
      <Filter>리소스 파일</Filter>
    </ResourceCompile>
    <ResourceCompile Include="SetValue\SetValueRes.rc">
      <Filter>SetValue</Filter>
    </ResourceCompile>
  </ItemGroup>
  <ItemGroup>
    <Image Include="res\file_view.ico">
      <Filter>리소스 파일</Filter>
    </Image>
    <Image Include="res\file_view_hc.ico">
      <Filter>리소스 파일</Filter>
    </Image>
    <Image Include="res\class_view.ico">
      <Filter>리소스 파일</Filter>
    </Image>
    <Image Include="res\class_view_hc.ico">
      <Filter>리소스 파일</Filter>
    </Image>
    <Image Include="res\fileview.bmp">
      <Filter>리소스 파일</Filter>
    </Image>
    <Image Include="res\fileview_hc.bmp">
      <Filter>리소스 파일</Filter>
    </Image>
    <Image Include="res\classview.bmp">
      <Filter>리소스 파일</Filter>
    </Image>
    <Image Include="res\classview_hc.bmp">
      <Filter>리소스 파일</Filter>
    </Image>
    <Image Include="res\explorer.bmp">
      <Filter>리소스 파일</Filter>
    </Image>
    <Image Include="res\explorer_hc.bmp">
      <Filter>리소스 파일</Filter>
    </Image>
    <Image Include="res\sort.bmp">
      <Filter>리소스 파일</Filter>
    </Image>
    <Image Include="res\sort_hc.bmp">
      <Filter>리소스 파일</Filter>
    </Image>
    <Image Include="res\menuimages.bmp">
      <Filter>리소스 파일</Filter>
    </Image>
    <Image Include="res\menuimages_hc.bmp">
      <Filter>리소스 파일</Filter>
    </Image>
    <Image Include="res\output_wnd.ico">
      <Filter>리소스 파일</Filter>
    </Image>
    <Image Include="res\output_wnd_hc.ico">
      <Filter>리소스 파일</Filter>
    </Image>
    <Image Include="res\properties_wnd.ico">
      <Filter>리소스 파일</Filter>
    </Image>
    <Image Include="res\properties_wnd_hc.ico">
      <Filter>리소스 파일</Filter>
    </Image>
    <Image Include="res\properties.bmp">
      <Filter>리소스 파일</Filter>
    </Image>
    <Image Include="res\properties_hc.bmp">
      <Filter>리소스 파일</Filter>
    </Image>
    <Image Include="res\userimages.bmp">
      <Filter>리소스 파일</Filter>
    </Image>
    <Image Include="res\NotchingGradeInspDoc.ico">
      <Filter>리소스 파일</Filter>
    </Image>
    <Image Include="res\NotchingGradeInsp.ico">
      <Filter>리소스 파일</Filter>
    </Image>
    <Image Include="res\Toolbar.bmp">
      <Filter>리소스 파일</Filter>
    </Image>
    <Image Include="res\Toolbar256.bmp">
      <Filter>리소스 파일</Filter>
    </Image>
    <Image Include="res\LGES_Logo.bmp">
      <Filter>리소스 파일</Filter>
    </Image>
    <Image Include="res\radio_of32.bmp">
      <Filter>리소스 파일</Filter>
    </Image>
    <Image Include="res\radio_on32.bmp">
      <Filter>리소스 파일</Filter>
    </Image>
    <Image Include="res\radio_on.bmp">
      <Filter>리소스 파일</Filter>
    </Image>
    <Image Include="res\radio_of.bmp">
      <Filter>리소스 파일</Filter>
    </Image>
    <Image Include="res\AppClose.bmp">
      <Filter>리소스 파일</Filter>
    </Image>
    <Image Include="res\Insp_Run.bmp">
      <Filter>리소스 파일</Filter>
    </Image>
    <Image Include="res\Insp_Pause.bmp">
      <Filter>리소스 파일</Filter>
    </Image>
    <Image Include="res\Insp_Stop.bmp">
      <Filter>리소스 파일</Filter>
    </Image>
    <Image Include="C:\Users\94000_9k1\Desktop\Lenz.ico">
      <Filter>리소스 파일</Filter>
    </Image>
    <Image Include="res\NotchingGradeInsp11.ico">
      <Filter>리소스 파일</Filter>
    </Image>
    <Image Include="res\bmpremin.bmp">
      <Filter>리소스 파일</Filter>
    </Image>
    <Image Include="res\bitmap1.bmp">
      <Filter>리소스 파일</Filter>
    </Image>
    <Image Include="res\bmp00001.bmp">
      <Filter>리소스 파일</Filter>
    </Image>
    <Image Include="res\Led_On_Green.bmp">
      <Filter>리소스 파일</Filter>
    </Image>
    <Image Include="res\bitmap2.bmp">
      <Filter>리소스 파일</Filter>
    </Image>
    <Image Include="res\Led_Off_Green_Focus.bmp">
      <Filter>리소스 파일</Filter>
    </Image>
    <Image Include="res\bmp00002.bmp">
      <Filter>리소스 파일</Filter>
    </Image>
    <Image Include="res\UltiumCells.bmp">
      <Filter>리소스 파일</Filter>
    </Image>
    <Image Include="res\HLI_LOGO.bmp">
      <Filter>리소스 파일</Filter>
    </Image>
  </ItemGroup>
  <ItemGroup>
    <None Include="res\NotchingGradeInsp.rc2">
      <Filter>리소스 파일</Filter>
    </None>
    <None Include="SetValue\SetValueRes.aps">
      <Filter>SetValue</Filter>
    </None>
  </ItemGroup>
  <ItemGroup>
    <Library Include="Melsec\x64\MdFunc32.lib">
      <Filter>Melsec\x64</Filter>
    </Library>
    <Library Include="Dalsa\SapClassGui.lib">
      <Filter>Dalsa</Filter>
    </Library>
    <Library Include="Dalsa\SapClassBasic.lib">
      <Filter>Dalsa</Filter>
    </Library>
    <Library Include="Dalsa\corapi.lib">
      <Filter>Dalsa</Filter>
    </Library>
    <Library Include="AXL\AXL.lib">
      <Filter>AXL</Filter>
    </Library>
    <Library Include="Contec\x64\caio.lib">
      <Filter>Contec\x64</Filter>
    </Library>
    <Library Include="Contec\x64\CCNT.lib">
      <Filter>Contec\x64</Filter>
    </Library>
    <Library Include="Contec\x64\CDIO.lib">
      <Filter>Contec\x64</Filter>
    </Library>
    <Library Include="Contec\Win32\caio.lib">
      <Filter>Contec\Win32</Filter>
    </Library>
    <Library Include="Contec\Win32\CCNT.lib">
      <Filter>Contec\Win32</Filter>
    </Library>
    <Library Include="Contec\Win32\CDIO.lib">
      <Filter>Contec\Win32</Filter>
    </Library>
    <Library Include="ImgProcDll\ImgProcDll.lib">
      <Filter>ImgProcDll</Filter>
    </Library>
    <Library Include="ImgProcDll\ImgProcDlld.lib">
      <Filter>ImgProcDll</Filter>
    </Library>
    <Library Include="LGIS\lib\LGIS.lib">
      <Filter>LGIS\lib</Filter>
    </Library>
    <Library Include="LGIS\lib\LGISD.lib">
      <Filter>LGIS\lib</Filter>
    </Library>
  </ItemGroup>
  <ItemGroup>
    <Text Include="VersionHistory.txt" />
    <Text Include="ModPlanList.txt" />
  </ItemGroup>
</Project>